// !$*UTF8*$!
{
	archiveVersion = 1;
	classes = {
	};
	objectVersion = 56;
	objects = {

/* Begin PBXBuildFile section */
		04043B172DD9A4130088D3E6 /* Plan.swift in Sources */ = {isa = PBXBuildFile; fileRef = 04043B162DD9A4130088D3E6 /* Plan.swift */; };
		04043B1C2DDAE1720088D3E6 /* PlanRowView.swift in Sources */ = {isa = PBXBuildFile; fileRef = 04043B1B2DDAE1720088D3E6 /* PlanRowView.swift */; };
		0435CECC2DD581C40049CC07 /* DashboardView.swift in Sources */ = {isa = PBXBuildFile; fileRef = 0435CECB2DD581C40049CC07 /* DashboardView.swift */; };
		0435CED02DD583AE0049CC07 /* ReportView.swift in Sources */ = {isa = PBXBuildFile; fileRef = 0435CECF2DD583AE0049CC07 /* ReportView.swift */; };
		0435CED72DD5A5190049CC07 /* Enums.swift in Sources */ = {isa = PBXBuildFile; fileRef = 0435CED62DD5A5190049CC07 /* Enums.swift */; };
		0435CEDB2DD63A5D0049CC07 /* AddEditPlanView.swift in Sources */ = {isa = PBXBuildFile; fileRef = 0435CEDA2DD63A5D0049CC07 /* AddEditPlanView.swift */; };
		046485A82DD847F500C43413 /* AddEditBudgetView.swift in Sources */ = {isa = PBXBuildFile; fileRef = 046485A72DD847F500C43413 /* AddEditBudgetView.swift */; };
		046485AC2DD9848F00C43413 /* Budget.swift in Sources */ = {isa = PBXBuildFile; fileRef = 046485AB2DD9848F00C43413 /* Budget.swift */; };
		0465CDD22DD3A9BD000CAF1C /* budgethinkApp.swift in Sources */ = {isa = PBXBuildFile; fileRef = 0465CDD12DD3A9BD000CAF1C /* budgethinkApp.swift */; };
		0465CDD42DD3A9BD000CAF1C /* HomeView.swift in Sources */ = {isa = PBXBuildFile; fileRef = 0465CDD32DD3A9BD000CAF1C /* HomeView.swift */; };
		0465CDD62DD3A9BE000CAF1C /* Assets.xcassets in Resources */ = {isa = PBXBuildFile; fileRef = 0465CDD52DD3A9BE000CAF1C /* Assets.xcassets */; };
		0465CDD92DD3A9BE000CAF1C /* Preview Assets.xcassets in Resources */ = {isa = PBXBuildFile; fileRef = 0465CDD82DD3A9BE000CAF1C /* Preview Assets.xcassets */; };
		0465CDE32DD3A9BE000CAF1C /* budgethinkTests.swift in Sources */ = {isa = PBXBuildFile; fileRef = 0465CDE22DD3A9BE000CAF1C /* budgethinkTests.swift */; };
		0465CDED2DD3A9BE000CAF1C /* budgethinkUITests.swift in Sources */ = {isa = PBXBuildFile; fileRef = 0465CDEC2DD3A9BE000CAF1C /* budgethinkUITests.swift */; };
		0465CDEF2DD3A9BE000CAF1C /* budgethinkUITestsLaunchTests.swift in Sources */ = {isa = PBXBuildFile; fileRef = 0465CDEE2DD3A9BE000CAF1C /* budgethinkUITestsLaunchTests.swift */; };
/* End PBXBuildFile section */

/* Begin PBXContainerItemProxy section */
		0465CDDF2DD3A9BE000CAF1C /* PBXContainerItemProxy */ = {
			isa = PBXContainerItemProxy;
			containerPortal = 0465CDC62DD3A9BD000CAF1C /* Project object */;
			proxyType = 1;
			remoteGlobalIDString = 0465CDCD2DD3A9BD000CAF1C;
			remoteInfo = budgethink;
		};
		0465CDE92DD3A9BE000CAF1C /* PBXContainerItemProxy */ = {
			isa = PBXContainerItemProxy;
			containerPortal = 0465CDC62DD3A9BD000CAF1C /* Project object */;
			proxyType = 1;
			remoteGlobalIDString = 0465CDCD2DD3A9BD000CAF1C;
			remoteInfo = budgethink;
		};
/* End PBXContainerItemProxy section */

/* Begin PBXFileReference section */
		04043B162DD9A4130088D3E6 /* Plan.swift */ = {isa = PBXFileReference; lastKnownFileType = sourcecode.swift; path = Plan.swift; sourceTree = "<group>"; };
		04043B1B2DDAE1720088D3E6 /* PlanRowView.swift */ = {isa = PBXFileReference; lastKnownFileType = sourcecode.swift; path = PlanRowView.swift; sourceTree = "<group>"; };
		0435CECB2DD581C40049CC07 /* DashboardView.swift */ = {isa = PBXFileReference; lastKnownFileType = sourcecode.swift; path = DashboardView.swift; sourceTree = "<group>"; };
		0435CECF2DD583AE0049CC07 /* ReportView.swift */ = {isa = PBXFileReference; lastKnownFileType = sourcecode.swift; path = ReportView.swift; sourceTree = "<group>"; };
		0435CED62DD5A5190049CC07 /* Enums.swift */ = {isa = PBXFileReference; lastKnownFileType = sourcecode.swift; path = Enums.swift; sourceTree = "<group>"; };
		0435CEDA2DD63A5D0049CC07 /* AddEditPlanView.swift */ = {isa = PBXFileReference; lastKnownFileType = sourcecode.swift; path = AddEditPlanView.swift; sourceTree = "<group>"; };
		046485A72DD847F500C43413 /* AddEditBudgetView.swift */ = {isa = PBXFileReference; lastKnownFileType = sourcecode.swift; path = AddEditBudgetView.swift; sourceTree = "<group>"; };
		046485AB2DD9848F00C43413 /* Budget.swift */ = {isa = PBXFileReference; lastKnownFileType = sourcecode.swift; path = Budget.swift; sourceTree = "<group>"; };
		0465CDCE2DD3A9BD000CAF1C /* budgethink.app */ = {isa = PBXFileReference; explicitFileType = wrapper.application; includeInIndex = 0; path = budgethink.app; sourceTree = BUILT_PRODUCTS_DIR; };
		0465CDD12DD3A9BD000CAF1C /* budgethinkApp.swift */ = {isa = PBXFileReference; lastKnownFileType = sourcecode.swift; path = budgethinkApp.swift; sourceTree = "<group>"; };
		0465CDD32DD3A9BD000CAF1C /* HomeView.swift */ = {isa = PBXFileReference; lastKnownFileType = sourcecode.swift; path = HomeView.swift; sourceTree = "<group>"; };
		0465CDD52DD3A9BE000CAF1C /* Assets.xcassets */ = {isa = PBXFileReference; lastKnownFileType = folder.assetcatalog; path = Assets.xcassets; sourceTree = "<group>"; };
		0465CDD82DD3A9BE000CAF1C /* Preview Assets.xcassets */ = {isa = PBXFileReference; lastKnownFileType = folder.assetcatalog; path = "Preview Assets.xcassets"; sourceTree = "<group>"; };
		0465CDDE2DD3A9BE000CAF1C /* budgethinkTests.xctest */ = {isa = PBXFileReference; explicitFileType = wrapper.cfbundle; includeInIndex = 0; path = budgethinkTests.xctest; sourceTree = BUILT_PRODUCTS_DIR; };
		0465CDE22DD3A9BE000CAF1C /* budgethinkTests.swift */ = {isa = PBXFileReference; lastKnownFileType = sourcecode.swift; path = budgethinkTests.swift; sourceTree = "<group>"; };
		0465CDE82DD3A9BE000CAF1C /* budgethinkUITests.xctest */ = {isa = PBXFileReference; explicitFileType = wrapper.cfbundle; includeInIndex = 0; path = budgethinkUITests.xctest; sourceTree = BUILT_PRODUCTS_DIR; };
		0465CDEC2DD3A9BE000CAF1C /* budgethinkUITests.swift */ = {isa = PBXFileReference; lastKnownFileType = sourcecode.swift; path = budgethinkUITests.swift; sourceTree = "<group>"; };
		0465CDEE2DD3A9BE000CAF1C /* budgethinkUITestsLaunchTests.swift */ = {isa = PBXFileReference; lastKnownFileType = sourcecode.swift; path = budgethinkUITestsLaunchTests.swift; sourceTree = "<group>"; };
/* End PBXFileReference section */

/* Begin PBXFrameworksBuildPhase section */
		0465CDCB2DD3A9BD000CAF1C /* Frameworks */ = {
			isa = PBXFrameworksBuildPhase;
			buildActionMask = 2147483647;
			files = (
			);
			runOnlyForDeploymentPostprocessing = 0;
		};
		0465CDDB2DD3A9BE000CAF1C /* Frameworks */ = {
			isa = PBXFrameworksBuildPhase;
			buildActionMask = 2147483647;
			files = (
			);
			runOnlyForDeploymentPostprocessing = 0;
		};
		0465CDE52DD3A9BE000CAF1C /* Frameworks */ = {
			isa = PBXFrameworksBuildPhase;
			buildActionMask = 2147483647;
			files = (
			);
			runOnlyForDeploymentPostprocessing = 0;
		};
/* End PBXFrameworksBuildPhase section */

/* Begin PBXGroup section */
		04043B182DDAE0A30088D3E6 /* Component */ = {
			isa = PBXGroup;
			children = (
				04043B1B2DDAE1720088D3E6 /* PlanRowView.swift */,
			);
			path = Component;
			sourceTree = "<group>";
		};
		0435CED12DD592620049CC07 /* Models */ = {
			isa = PBXGroup;
			children = (
				0435CED62DD5A5190049CC07 /* Enums.swift */,
				046485AB2DD9848F00C43413 /* Budget.swift */,
				04043B162DD9A4130088D3E6 /* Plan.swift */,
			);
			path = Models;
			sourceTree = "<group>";
		};
		046485A22DD8211700C43413 /* View */ = {
			isa = PBXGroup;
			children = (
				04043B182DDAE0A30088D3E6 /* Component */,
				046485A62DD83CB600C43413 /* ModalView */,
				0435CECF2DD583AE0049CC07 /* ReportView.swift */,
				0435CECB2DD581C40049CC07 /* DashboardView.swift */,
				0465CDD32DD3A9BD000CAF1C /* HomeView.swift */,
			);
			path = View;
			sourceTree = "<group>";
		};
		046485A62DD83CB600C43413 /* ModalView */ = {
			isa = PBXGroup;
			children = (
				0435CEDA2DD63A5D0049CC07 /* AddEditPlanView.swift */,
				046485A72DD847F500C43413 /* AddEditBudgetView.swift */,
			);
			path = ModalView;
			sourceTree = "<group>";
		};
		0465CDC52DD3A9BD000CAF1C = {
			isa = PBXGroup;
			children = (
				0465CDD02DD3A9BD000CAF1C /* budgethink */,
				0465CDE12DD3A9BE000CAF1C /* budgethinkTests */,
				0465CDEB2DD3A9BE000CAF1C /* budgethinkUITests */,
				0465CDCF2DD3A9BD000CAF1C /* Products */,
			);
			sourceTree = "<group>";
		};
		0465CDCF2DD3A9BD000CAF1C /* Products */ = {
			isa = PBXGroup;
			children = (
				0465CDCE2DD3A9BD000CAF1C /* budgethink.app */,
				0465CDDE2DD3A9BE000CAF1C /* budgethinkTests.xctest */,
				0465CDE82DD3A9BE000CAF1C /* budgethinkUITests.xctest */,
			);
			name = Products;
			sourceTree = "<group>";
		};
		0465CDD02DD3A9BD000CAF1C /* budgethink */ = {
			isa = PBXGroup;
			children = (
				0435CED12DD592620049CC07 /* Models */,
				046485A22DD8211700C43413 /* View */,
				0465CDD12DD3A9BD000CAF1C /* budgethinkApp.swift */,
				0465CDD52DD3A9BE000CAF1C /* Assets.xcassets */,
				0465CDD72DD3A9BE000CAF1C /* Preview Content */,
			);
			path = budgethink;
			sourceTree = "<group>";
		};
		0465CDD72DD3A9BE000CAF1C /* Preview Content */ = {
			isa = PBXGroup;
			children = (
				0465CDD82DD3A9BE000CAF1C /* Preview Assets.xcassets */,
			);
			path = "Preview Content";
			sourceTree = "<group>";
		};
		0465CDE12DD3A9BE000CAF1C /* budgethinkTests */ = {
			isa = PBXGroup;
			children = (
				0465CDE22DD3A9BE000CAF1C /* budgethinkTests.swift */,
			);
			path = budgethinkTests;
			sourceTree = "<group>";
		};
		0465CDEB2DD3A9BE000CAF1C /* budgethinkUITests */ = {
			isa = PBXGroup;
			children = (
				0465CDEC2DD3A9BE000CAF1C /* budgethinkUITests.swift */,
				0465CDEE2DD3A9BE000CAF1C /* budgethinkUITestsLaunchTests.swift */,
			);
			path = budgethinkUITests;
			sourceTree = "<group>";
		};
/* End PBXGroup section */

/* Begin PBXNativeTarget section */
		0465CDCD2DD3A9BD000CAF1C /* budgethink */ = {
			isa = PBXNativeTarget;
			buildConfigurationList = 0465CDF22DD3A9BE000CAF1C /* Build configuration list for PBXNativeTarget "budgethink" */;
			buildPhases = (
				0465CDCA2DD3A9BD000CAF1C /* Sources */,
				0465CDCB2DD3A9BD000CAF1C /* Frameworks */,
				0465CDCC2DD3A9BD000CAF1C /* Resources */,
			);
			buildRules = (
			);
			dependencies = (
			);
			name = budgethink;
			productName = budgethink;
			productReference = 0465CDCE2DD3A9BD000CAF1C /* budgethink.app */;
			productType = "com.apple.product-type.application";
		};
		0465CDDD2DD3A9BE000CAF1C /* budgethinkTests */ = {
			isa = PBXNativeTarget;
			buildConfigurationList = 0465CDF52DD3A9BE000CAF1C /* Build configuration list for PBXNativeTarget "budgethinkTests" */;
			buildPhases = (
				0465CDDA2DD3A9BE000CAF1C /* Sources */,
				0465CDDB2DD3A9BE000CAF1C /* Frameworks */,
				0465CDDC2DD3A9BE000CAF1C /* Resources */,
			);
			buildRules = (
			);
			dependencies = (
				0465CDE02DD3A9BE000CAF1C /* PBXTargetDependency */,
			);
			name = budgethinkTests;
			productName = budgethinkTests;
			productReference = 0465CDDE2DD3A9BE000CAF1C /* budgethinkTests.xctest */;
			productType = "com.apple.product-type.bundle.unit-test";
		};
		0465CDE72DD3A9BE000CAF1C /* budgethinkUITests */ = {
			isa = PBXNativeTarget;
			buildConfigurationList = 0465CDF82DD3A9BE000CAF1C /* Build configuration list for PBXNativeTarget "budgethinkUITests" */;
			buildPhases = (
				0465CDE42DD3A9BE000CAF1C /* Sources */,
				0465CDE52DD3A9BE000CAF1C /* Frameworks */,
				0465CDE62DD3A9BE000CAF1C /* Resources */,
			);
			buildRules = (
			);
			dependencies = (
				0465CDEA2DD3A9BE000CAF1C /* PBXTargetDependency */,
			);
			name = budgethinkUITests;
			productName = budgethinkUITests;
			productReference = 0465CDE82DD3A9BE000CAF1C /* budgethinkUITests.xctest */;
			productType = "com.apple.product-type.bundle.ui-testing";
		};
/* End PBXNativeTarget section */

/* Begin PBXProject section */
		0465CDC62DD3A9BD000CAF1C /* Project object */ = {
			isa = PBXProject;
			attributes = {
				BuildIndependentTargetsInParallel = 1;
				LastSwiftUpdateCheck = 1540;
				LastUpgradeCheck = 1540;
				TargetAttributes = {
					0465CDCD2DD3A9BD000CAF1C = {
						CreatedOnToolsVersion = 15.4;
					};
					0465CDDD2DD3A9BE000CAF1C = {
						CreatedOnToolsVersion = 15.4;
						TestTargetID = 0465CDCD2DD3A9BD000CAF1C;
					};
					0465CDE72DD3A9BE000CAF1C = {
						CreatedOnToolsVersion = 15.4;
						TestTargetID = 0465CDCD2DD3A9BD000CAF1C;
					};
				};
			};
			buildConfigurationList = 0465CDC92DD3A9BD000CAF1C /* Build configuration list for PBXProject "budgethink" */;
			compatibilityVersion = "Xcode 14.0";
			developmentRegion = en;
			hasScannedForEncodings = 0;
			knownRegions = (
				en,
				Base,
			);
			mainGroup = 0465CDC52DD3A9BD000CAF1C;
			productRefGroup = 0465CDCF2DD3A9BD000CAF1C /* Products */;
			projectDirPath = "";
			projectRoot = "";
			targets = (
				0465CDCD2DD3A9BD000CAF1C /* budgethink */,
				0465CDDD2DD3A9BE000CAF1C /* budgethinkTests */,
				0465CDE72DD3A9BE000CAF1C /* budgethinkUITests */,
			);
		};
/* End PBXProject section */

/* Begin PBXResourcesBuildPhase section */
		0465CDCC2DD3A9BD000CAF1C /* Resources */ = {
			isa = PBXResourcesBuildPhase;
			buildActionMask = 2147483647;
			files = (
				0465CDD92DD3A9BE000CAF1C /* Preview Assets.xcassets in Resources */,
				0465CDD62DD3A9BE000CAF1C /* Assets.xcassets in Resources */,
			);
			runOnlyForDeploymentPostprocessing = 0;
		};
		0465CDDC2DD3A9BE000CAF1C /* Resources */ = {
			isa = PBXResourcesBuildPhase;
			buildActionMask = 2147483647;
			files = (
			);
			runOnlyForDeploymentPostprocessing = 0;
		};
		0465CDE62DD3A9BE000CAF1C /* Resources */ = {
			isa = PBXResourcesBuildPhase;
			buildActionMask = 2147483647;
			files = (
			);
			runOnlyForDeploymentPostprocessing = 0;
		};
/* End PBXResourcesBuildPhase section */

/* Begin PBXSourcesBuildPhase section */
		0465CDCA2DD3A9BD000CAF1C /* Sources */ = {
			isa = PBXSourcesBuildPhase;
			buildActionMask = 2147483647;
			files = (
				0465CDD42DD3A9BD000CAF1C /* HomeView.swift in Sources */,
				0435CEDB2DD63A5D0049CC07 /* AddEditPlanView.swift in Sources */,
				0435CED02DD583AE0049CC07 /* ReportView.swift in Sources */,
				046485AC2DD9848F00C43413 /* Budget.swift in Sources */,
				0435CECC2DD581C40049CC07 /* DashboardView.swift in Sources */,
				046485A82DD847F500C43413 /* AddEditBudgetView.swift in Sources */,
				04043B172DD9A4130088D3E6 /* Plan.swift in Sources */,
				0465CDD22DD3A9BD000CAF1C /* budgethinkApp.swift in Sources */,
				04043B1C2DDAE1720088D3E6 /* PlanRowView.swift in Sources */,
				0435CED72DD5A5190049CC07 /* Enums.swift in Sources */,
			);
			runOnlyForDeploymentPostprocessing = 0;
		};
		0465CDDA2DD3A9BE000CAF1C /* Sources */ = {
			isa = PBXSourcesBuildPhase;
			buildActionMask = 2147483647;
			files = (
				0465CDE32DD3A9BE000CAF1C /* budgethinkTests.swift in Sources */,
			);
			runOnlyForDeploymentPostprocessing = 0;
		};
		0465CDE42DD3A9BE000CAF1C /* Sources */ = {
			isa = PBXSourcesBuildPhase;
			buildActionMask = 2147483647;
			files = (
				0465CDED2DD3A9BE000CAF1C /* budgethinkUITests.swift in Sources */,
				0465CDEF2DD3A9BE000CAF1C /* budgethinkUITestsLaunchTests.swift in Sources */,
			);
			runOnlyForDeploymentPostprocessing = 0;
		};
/* End PBXSourcesBuildPhase section */

/* Begin PBXTargetDependency section */
		0465CDE02DD3A9BE000CAF1C /* PBXTargetDependency */ = {
			isa = PBXTargetDependency;
			target = 0465CDCD2DD3A9BD000CAF1C /* budgethink */;
			targetProxy = 0465CDDF2DD3A9BE000CAF1C /* PBXContainerItemProxy */;
		};
		0465CDEA2DD3A9BE000CAF1C /* PBXTargetDependency */ = {
			isa = PBXTargetDependency;
			target = 0465CDCD2DD3A9BD000CAF1C /* budgethink */;
			targetProxy = 0465CDE92DD3A9BE000CAF1C /* PBXContainerItemProxy */;
		};
/* End PBXTargetDependency section */

/* Begin XCBuildConfiguration section */
		0465CDF02DD3A9BE000CAF1C /* Debug */ = {
			isa = XCBuildConfiguration;
			buildSettings = {
				ALWAYS_SEARCH_USER_PATHS = NO;
				ASSETCATALOG_COMPILER_GENERATE_SWIFT_ASSET_SYMBOL_EXTENSIONS = YES;
				CLANG_ANALYZER_NONNULL = YES;
				CLANG_ANALYZER_NUMBER_OBJECT_CONVERSION = YES_AGGRESSIVE;
				CLANG_CXX_LANGUAGE_STANDARD = "gnu++20";
				CLANG_ENABLE_MODULES = YES;
				CLANG_ENABLE_OBJC_ARC = YES;
				CLANG_ENABLE_OBJC_WEAK = YES;
				CLANG_WARN_BLOCK_CAPTURE_AUTORELEASING = YES;
				CLANG_WARN_BOOL_CONVERSION = YES;
				CLANG_WARN_COMMA = YES;
				CLANG_WARN_CONSTANT_CONVERSION = YES;
				CLANG_WARN_DEPRECATED_OBJC_IMPLEMENTATIONS = YES;
				CLANG_WARN_DIRECT_OBJC_ISA_USAGE = YES_ERROR;
				CLANG_WARN_DOCUMENTATION_COMMENTS = YES;
				CLANG_WARN_EMPTY_BODY = YES;
				CLANG_WARN_ENUM_CONVERSION = YES;
				CLANG_WARN_INFINITE_RECURSION = YES;
				CLANG_WARN_INT_CONVERSION = YES;
				CLANG_WARN_NON_LITERAL_NULL_CONVERSION = YES;
				CLANG_WARN_OBJC_IMPLICIT_RETAIN_SELF = YES;
				CLANG_WARN_OBJC_LITERAL_CONVERSION = YES;
				CLANG_WARN_OBJC_ROOT_CLASS = YES_ERROR;
				CLANG_WARN_QUOTED_INCLUDE_IN_FRAMEWORK_HEADER = YES;
				CLANG_WARN_RANGE_LOOP_ANALYSIS = YES;
				CLANG_WARN_STRICT_PROTOTYPES = YES;
				CLANG_WARN_SUSPICIOUS_MOVE = YES;
				CLANG_WARN_UNGUARDED_AVAILABILITY = YES_AGGRESSIVE;
				CLANG_WARN_UNREACHABLE_CODE = YES;
				CLANG_WARN__DUPLICATE_METHOD_MATCH = YES;
				COPY_PHASE_STRIP = NO;
				DEBUG_INFORMATION_FORMAT = dwarf;
				ENABLE_STRICT_OBJC_MSGSEND = YES;
				ENABLE_TESTABILITY = YES;
				ENABLE_USER_SCRIPT_SANDBOXING = YES;
				GCC_C_LANGUAGE_STANDARD = gnu17;
				GCC_DYNAMIC_NO_PIC = NO;
				GCC_NO_COMMON_BLOCKS = YES;
				GCC_OPTIMIZATION_LEVEL = 0;
				GCC_PREPROCESSOR_DEFINITIONS = (
					"DEBUG=1",
					"$(inherited)",
				);
				GCC_WARN_64_TO_32_BIT_CONVERSION = YES;
				GCC_WARN_ABOUT_RETURN_TYPE = YES_ERROR;
				GCC_WARN_UNDECLARED_SELECTOR = YES;
				GCC_WARN_UNINITIALIZED_AUTOS = YES_AGGRESSIVE;
				GCC_WARN_UNUSED_FUNCTION = YES;
				GCC_WARN_UNUSED_VARIABLE = YES;
				IPHONEOS_DEPLOYMENT_TARGET = 17.5;
				LOCALIZATION_PREFERS_STRING_CATALOGS = YES;
				MTL_ENABLE_DEBUG_INFO = INCLUDE_SOURCE;
				MTL_FAST_MATH = YES;
				ONLY_ACTIVE_ARCH = YES;
				SDKROOT = iphoneos;
				SWIFT_ACTIVE_COMPILATION_CONDITIONS = "DEBUG $(inherited)";
				SWIFT_OPTIMIZATION_LEVEL = "-Onone";
			};
			name = Debug;
		};
		0465CDF12DD3A9BE000CAF1C /* Release */ = {
			isa = XCBuildConfiguration;
			buildSettings = {
				ALWAYS_SEARCH_USER_PATHS = NO;
				ASSETCATALOG_COMPILER_GENERATE_SWIFT_ASSET_SYMBOL_EXTENSIONS = YES;
				CLANG_ANALYZER_NONNULL = YES;
				CLANG_ANALYZER_NUMBER_OBJECT_CONVERSION = YES_AGGRESSIVE;
				CLANG_CXX_LANGUAGE_STANDARD = "gnu++20";
				CLANG_ENABLE_MODULES = YES;
				CLANG_ENABLE_OBJC_ARC = YES;
				CLANG_ENABLE_OBJC_WEAK = YES;
				CLANG_WARN_BLOCK_CAPTURE_AUTORELEASING = YES;
				CLANG_WARN_BOOL_CONVERSION = YES;
				CLANG_WARN_COMMA = YES;
				CLANG_WARN_CONSTANT_CONVERSION = YES;
				CLANG_WARN_DEPRECATED_OBJC_IMPLEMENTATIONS = YES;
				CLANG_WARN_DIRECT_OBJC_ISA_USAGE = YES_ERROR;
				CLANG_WARN_DOCUMENTATION_COMMENTS = YES;
				CLANG_WARN_EMPTY_BODY = YES;
				CLANG_WARN_ENUM_CONVERSION = YES;
				CLANG_WARN_INFINITE_RECURSION = YES;
				CLANG_WARN_INT_CONVERSION = YES;
				CLANG_WARN_NON_LITERAL_NULL_CONVERSION = YES;
				CLANG_WARN_OBJC_IMPLICIT_RETAIN_SELF = YES;
				CLANG_WARN_OBJC_LITERAL_CONVERSION = YES;
				CLANG_WARN_OBJC_ROOT_CLASS = YES_ERROR;
				CLANG_WARN_QUOTED_INCLUDE_IN_FRAMEWORK_HEADER = YES;
				CLANG_WARN_RANGE_LOOP_ANALYSIS = YES;
				CLANG_WARN_STRICT_PROTOTYPES = YES;
				CLANG_WARN_SUSPICIOUS_MOVE = YES;
				CLANG_WARN_UNGUARDED_AVAILABILITY = YES_AGGRESSIVE;
				CLANG_WARN_UNREACHABLE_CODE = YES;
				CLANG_WARN__DUPLICATE_METHOD_MATCH = YES;
				COPY_PHASE_STRIP = NO;
				DEBUG_INFORMATION_FORMAT = "dwarf-with-dsym";
				ENABLE_NS_ASSERTIONS = NO;
				ENABLE_STRICT_OBJC_MSGSEND = YES;
				ENABLE_USER_SCRIPT_SANDBOXING = YES;
				GCC_C_LANGUAGE_STANDARD = gnu17;
				GCC_NO_COMMON_BLOCKS = YES;
				GCC_WARN_64_TO_32_BIT_CONVERSION = YES;
				GCC_WARN_ABOUT_RETURN_TYPE = YES_ERROR;
				GCC_WARN_UNDECLARED_SELECTOR = YES;
				GCC_WARN_UNINITIALIZED_AUTOS = YES_AGGRESSIVE;
				GCC_WARN_UNUSED_FUNCTION = YES;
				GCC_WARN_UNUSED_VARIABLE = YES;
				IPHONEOS_DEPLOYMENT_TARGET = 17.5;
				LOCALIZATION_PREFERS_STRING_CATALOGS = YES;
				MTL_ENABLE_DEBUG_INFO = NO;
				MTL_FAST_MATH = YES;
				SDKROOT = iphoneos;
				SWIFT_COMPILATION_MODE = wholemodule;
				VALIDATE_PRODUCT = YES;
			};
			name = Release;
		};
		0465CDF32DD3A9BE000CAF1C /* Debug */ = {
			isa = XCBuildConfiguration;
			buildSettings = {
				ASSETCATALOG_COMPILER_APPICON_NAME = AppIcon;
				ASSETCATALOG_COMPILER_GLOBAL_ACCENT_COLOR_NAME = AccentColor;
				CODE_SIGN_STYLE = Automatic;
				CURRENT_PROJECT_VERSION = 1;
				DEVELOPMENT_ASSET_PATHS = "\"budgethink/Preview Content\"";
				DEVELOPMENT_TEAM = W4F7FHTK45;
				ENABLE_PREVIEWS = YES;
				GENERATE_INFOPLIST_FILE = YES;
				INFOPLIST_KEY_UIApplicationSceneManifest_Generation = YES;
				INFOPLIST_KEY_UIApplicationSupportsIndirectInputEvents = YES;
				INFOPLIST_KEY_UILaunchScreen_Generation = YES;
				INFOPLIST_KEY_UISupportedInterfaceOrientations_iPad = "UIInterfaceOrientationPortrait UIInterfaceOrientationPortraitUpsideDown UIInterfaceOrientationLandscapeLeft UIInterfaceOrientationLandscapeRight";
				INFOPLIST_KEY_UISupportedInterfaceOrientations_iPhone = "UIInterfaceOrientationPortrait UIInterfaceOrientationLandscapeLeft UIInterfaceOrientationLandscapeRight";
				LD_RUNPATH_SEARCH_PATHS = (
					"$(inherited)",
					"@executable_path/Frameworks",
				);
				MARKETING_VERSION = 1.0;
				PRODUCT_BUNDLE_IDENTIFIER = com.app.budgethink;
				PRODUCT_NAME = "$(TARGET_NAME)";
				SWIFT_EMIT_LOC_STRINGS = YES;
				SWIFT_VERSION = 5.0;
				TARGETED_DEVICE_FAMILY = "1,2";
			};
			name = Debug;
		};
		0465CDF42DD3A9BE000CAF1C /* Release */ = {
			isa = XCBuildConfiguration;
			buildSettings = {
				ASSETCATALOG_COMPILER_APPICON_NAME = AppIcon;
				ASSETCATALOG_COMPILER_GLOBAL_ACCENT_COLOR_NAME = AccentColor;
				CODE_SIGN_STYLE = Automatic;
				CURRENT_PROJECT_VERSION = 1;
				DEVELOPMENT_ASSET_PATHS = "\"budgethink/Preview Content\"";
				DEVELOPMENT_TEAM = W4F7FHTK45;
				ENABLE_PREVIEWS = YES;
				GENERATE_INFOPLIST_FILE = YES;
				INFOPLIST_KEY_UIApplicationSceneManifest_Generation = YES;
				INFOPLIST_KEY_UIApplicationSupportsIndirectInputEvents = YES;
				INFOPLIST_KEY_UILaunchScreen_Generation = YES;
				INFOPLIST_KEY_UISupportedInterfaceOrientations_iPad = "UIInterfaceOrientationPortrait UIInterfaceOrientationPortraitUpsideDown UIInterfaceOrientationLandscapeLeft UIInterfaceOrientationLandscapeRight";
				INFOPLIST_KEY_UISupportedInterfaceOrientations_iPhone = "UIInterfaceOrientationPortrait UIInterfaceOrientationLandscapeLeft UIInterfaceOrientationLandscapeRight";
				LD_RUNPATH_SEARCH_PATHS = (
					"$(inherited)",
					"@executable_path/Frameworks",
				);
				MARKETING_VERSION = 1.0;
				PRODUCT_BUNDLE_IDENTIFIER = com.app.budgethink;
				PRODUCT_NAME = "$(TARGET_NAME)";
				SWIFT_EMIT_LOC_STRINGS = YES;
				SWIFT_VERSION = 5.0;
				TARGETED_DEVICE_FAMILY = "1,2";
			};
			name = Release;
		};
		0465CDF62DD3A9BE000CAF1C /* Debug */ = {
			isa = XCBuildConfiguration;
			buildSettings = {
				ALWAYS_EMBED_SWIFT_STANDARD_LIBRARIES = YES;
				BUNDLE_LOADER = "$(TEST_HOST)";
				CODE_SIGN_STYLE = Automatic;
				CURRENT_PROJECT_VERSION = 1;
				DEVELOPMENT_TEAM = W4F7FHTK45;
				GENERATE_INFOPLIST_FILE = YES;
				IPHONEOS_DEPLOYMENT_TARGET = 17.5;
				MARKETING_VERSION = 1.0;
				PRODUCT_BUNDLE_IDENTIFIER = com.app.budgethinkTests;
				PRODUCT_NAME = "$(TARGET_NAME)";
				SWIFT_EMIT_LOC_STRINGS = NO;
				SWIFT_VERSION = 5.0;
				TARGETED_DEVICE_FAMILY = "1,2";
				TEST_HOST = "$(BUILT_PRODUCTS_DIR)/budgethink.app/$(BUNDLE_EXECUTABLE_FOLDER_PATH)/budgethink";
			};
			name = Debug;
		};
		0465CDF72DD3A9BE000CAF1C /* Release */ = {
			isa = XCBuildConfiguration;
			buildSettings = {
				ALWAYS_EMBED_SWIFT_STANDARD_LIBRARIES = YES;
				BUNDLE_LOADER = "$(TEST_HOST)";
				CODE_SIGN_STYLE = Automatic;
				CURRENT_PROJECT_VERSION = 1;
				DEVELOPMENT_TEAM = W4F7FHTK45;
				GENERATE_INFOPLIST_FILE = YES;
				IPHONEOS_DEPLOYMENT_TARGET = 17.5;
				MARKETING_VERSION = 1.0;
				PRODUCT_BUNDLE_IDENTIFIER = com.app.budgethinkTests;
				PRODUCT_NAME = "$(TARGET_NAME)";
				SWIFT_EMIT_LOC_STRINGS = NO;
				SWIFT_VERSION = 5.0;
				TARGETED_DEVICE_FAMILY = "1,2";
				TEST_HOST = "$(BUILT_PRODUCTS_DIR)/budgethink.app/$(BUNDLE_EXECUTABLE_FOLDER_PATH)/budgethink";
			};
			name = Release;
		};
		0465CDF92DD3A9BE000CAF1C /* Debug */ = {
			isa = XCBuildConfiguration;
			buildSettings = {
				ALWAYS_EMBED_SWIFT_STANDARD_LIBRARIES = YES;
				CODE_SIGN_STYLE = Automatic;
				CURRENT_PROJECT_VERSION = 1;
				DEVELOPMENT_TEAM = W4F7FHTK45;
				GENERATE_INFOPLIST_FILE = YES;
				MARKETING_VERSION = 1.0;
				PRODUCT_BUNDLE_IDENTIFIER = com.app.budgethinkUITests;
				PRODUCT_NAME = "$(TARGET_NAME)";
				SWIFT_EMIT_LOC_STRINGS = NO;
				SWIFT_VERSION = 5.0;
				TARGETED_DEVICE_FAMILY = "1,2";
				TEST_TARGET_NAME = budgethink;
			};
			name = Debug;
		};
		0465CDFA2DD3A9BE000CAF1C /* Release */ = {
			isa = XCBuildConfiguration;
			buildSettings = {
				ALWAYS_EMBED_SWIFT_STANDARD_LIBRARIES = YES;
				CODE_SIGN_STYLE = Automatic;
				CURRENT_PROJECT_VERSION = 1;
				DEVELOPMENT_TEAM = W4F7FHTK45;
				GENERATE_INFOPLIST_FILE = YES;
				MARKETING_VERSION = 1.0;
				PRODUCT_BUNDLE_IDENTIFIER = com.app.budgethinkUITests;
				PRODUCT_NAME = "$(TARGET_NAME)";
				SWIFT_EMIT_LOC_STRINGS = NO;
				SWIFT_VERSION = 5.0;
				TARGETED_DEVICE_FAMILY = "1,2";
				TEST_TARGET_NAME = budgethink;
			};
			name = Release;
		};
/* End XCBuildConfiguration section */

/* Begin XCConfigurationList section */
		0465CDC92DD3A9BD000CAF1C /* Build configuration list for PBXProject "budgethink" */ = {
			isa = XCConfigurationList;
			buildConfigurations = (
				0465CDF02DD3A9BE000CAF1C /* Debug */,
				0465CDF12DD3A9BE000CAF1C /* Release */,
			);
			defaultConfigurationIsVisible = 0;
			defaultConfigurationName = Release;
		};
		0465CDF22DD3A9BE000CAF1C /* Build configuration list for PBXNativeTarget "budgethink" */ = {
			isa = XCConfigurationList;
			buildConfigurations = (
				0465CDF32DD3A9BE000CAF1C /* Debug */,
				0465CDF42DD3A9BE000CAF1C /* Release */,
			);
			defaultConfigurationIsVisible = 0;
			defaultConfigurationName = Release;
		};
		0465CDF52DD3A9BE000CAF1C /* Build configuration list for PBXNativeTarget "budgethinkTests" */ = {
			isa = XCConfigurationList;
			buildConfigurations = (
				0465CDF62DD3A9BE000CAF1C /* Debug */,
				0465CDF72DD3A9BE000CAF1C /* Release */,
			);
			defaultConfigurationIsVisible = 0;
			defaultConfigurationName = Release;
		};
		0465CDF82DD3A9BE000CAF1C /* Build configuration list for PBXNativeTarget "budgethinkUITests" */ = {
			isa = XCConfigurationList;
			buildConfigurations = (
				0465CDF92DD3A9BE000CAF1C /* Debug */,
				0465CDFA2DD3A9BE000CAF1C /* Release */,
			);
			defaultConfigurationIsVisible = 0;
			defaultConfigurationName = Release;
		};
/* End XCConfigurationList section */
	};
	rootObject = 0465CDC62DD3A9BD000CAF1C /* Project object */;
}
